
Microsoft Visual Studio Solution File, Format Version 12.00
# Visual Studio 15
VisualStudioVersion = 15.0.28010.2036
MinimumVisualStudioVersion = 10.0.40219.1
Project("{FAE04EC0-301F-11D3-BF4B-00C04F79EFBC}") = "JapaneseWeb", "JapaneseWeb\JapaneseWeb.csproj", "{3CDE42E6-D98E-46A3-BDF7-FDF78BC09E2C}"
EndProject
Global
	GlobalSection(SolutionConfigurationPlatforms) = preSolution
		Debug|Any CPU = Debug|Any CPU
		Release|Any CPU = Release|Any CPU
	EndGlobalSection
	GlobalSection(ProjectConfigurationPlatforms) = postSolution
		{3CDE42E6-D98E-46A3-BDF7-FDF78BC09E2C}.Debug|Any CPU.ActiveCfg = Debug|Any CPU
		{3CDE42E6-D98E-46A3-BDF7-FDF78BC09E2C}.Debug|Any CPU.Build.0 = Debug|Any CPU
		{3CDE42E6-D98E-46A3-BDF7-FDF78BC09E2C}.Release|Any CPU.ActiveCfg = Release|Any CPU
		{3CDE42E6-D98E-46A3-BDF7-FDF78BC09E2C}.Release|Any CPU.Build.0 = Release|Any CPU
	EndGlobalSection
	GlobalSection(SolutionProperties) = preSolution
		HideSolutionNode = FALSE
	EndGlobalSection
	GlobalSection(ExtensibilityGlobals) = postSolution
		SolutionGuid = {26D4431F-35C1-4D56-AD26-92E677C25BDE}
	EndGlobalSection
EndGlobal
